
Microsoft Visual Studio Solution File, Format Version 12.00
# Visual Studio Version 16
VisualStudioVersion = 16.0.30225.117
MinimumVisualStudioVersion = 10.0.40219.1
Project("{FAE04EC0-301F-11D3-BF4B-00C04F79EFBC}") = "GestionPaieAgentSonas", "GestionPaieAgentSonas\GestionPaieAgentSonas.csproj", "{F7A7C626-9146-4C9F-8059-2F99E60C0C72}"
EndProject
Global
	GlobalSection(SolutionConfigurationPlatforms) = preSolution
		Debug|Any CPU = Debug|Any CPU
		Release|Any CPU = Release|Any CPU
	EndGlobalSection
	GlobalSection(ProjectConfigurationPlatforms) = postSolution
		{F7A7C626-9146-4C9F-8059-2F99E60C0C72}.Debug|Any CPU.ActiveCfg = Debug|Any CPU
		{F7A7C626-9146-4C9F-8059-2F99E60C0C72}.Debug|Any CPU.Build.0 = Debug|Any CPU
		{F7A7C626-9146-4C9F-8059-2F99E60C0C72}.Release|Any CPU.ActiveCfg = Release|Any CPU
		{F7A7C626-9146-4C9F-8059-2F99E60C0C72}.Release|Any CPU.Build.0 = Release|Any CPU
	EndGlobalSection
	GlobalSection(SolutionProperties) = preSolution
		HideSolutionNode = FALSE
	EndGlobalSection
	GlobalSection(ExtensibilityGlobals) = postSolution
		SolutionGuid = {122D1C8B-5D83-474D-87D4-9EC7C5F199AB}
	EndGlobalSection
EndGlobal
